
Microsoft Visual Studio Solution File, Format Version 12.00
# Visual Studio 15
VisualStudioVersion = 15.0.28307.168
MinimumVisualStudioVersion = 10.0.40219.1
Project("{888888A0-9F3D-457C-B088-3A5042F75D52}") = "DjangoTutorial", "DjangoTutorial\DjangoTutorial.pyproj", "{494D7202-3DCE-463F-B20E-53E10869A031}"
EndProject
Global
	GlobalSection(SolutionConfigurationPlatforms) = preSolution
		Debug|Any CPU = Debug|Any CPU
		Release|Any CPU = Release|Any CPU
	EndGlobalSection
	GlobalSection(ProjectConfigurationPlatforms) = postSolution
		{494D7202-3DCE-463F-B20E-53E10869A031}.Debug|Any CPU.ActiveCfg = Debug|Any CPU
		{494D7202-3DCE-463F-B20E-53E10869A031}.Debug|Any CPU.Build.0 = Debug|Any CPU
		{494D7202-3DCE-463F-B20E-53E10869A031}.Release|Any CPU.ActiveCfg = Release|Any CPU
		{494D7202-3DCE-463F-B20E-53E10869A031}.Release|Any CPU.Build.0 = Release|Any CPU
	EndGlobalSection
	GlobalSection(SolutionProperties) = preSolution
		HideSolutionNode = FALSE
	EndGlobalSection
	GlobalSection(ExtensibilityGlobals) = postSolution
		SolutionGuid = {67163BDD-1C30-4090-B375-0BD2C2A479E2}
	EndGlobalSection
EndGlobal
